<?xml version="1.0" encoding="utf-8"?>
<Project ToolsVersion="4.0" xmlns="http://schemas.microsoft.com/developer/msbuild/2003">
  <ItemGroup>
    <Filter Include="Compile">
      <UniqueIdentifier>{e8ca6088-c887-437b-9487-c69f38112a0e}</UniqueIdentifier>
    </Filter>
    <Filter Include="Include">
      <UniqueIdentifier>{b9635a37-d4f0-4eff-bd5c-f6bec1cf4f9c}</UniqueIdentifier>
    </Filter>
  </ItemGroup>
  <ItemGroup>
    <ClInclude Include="Include\BaseSocket.h">
      <Filter>Include</Filter>
    </ClInclude>
    <ClInclude Include="Include\Constants.h">
      <Filter>Include</Filter>
    </ClInclude>
    <ClInclude Include="Include\Enums.h">
      <Filter>Include</Filter>
    </ClInclude>
    <ClInclude Include="Include\SocketUtilities.h">
      <Filter>Include</Filter>
    </ClInclude>
    <ClInclude Include="Include\Common.h">
      <Filter>Include</Filter>
    </ClInclude>
    <ClInclude Include="Include\PlatformNetwork.h">
      <Filter>Include</Filter>
    </ClInclude>
    <ClInclude Include="Include\ServerSocket.h">
      <Filter>Include</Filter>
    </ClInclude>
    <ClInclude Include="Include\Client.h">
      <Filter>Include</Filter>
    </ClInclude>
    <ClInclude Include="Include\TCPServerSocket.h">
      <Filter>Include</Filter>
    </ClInclude>
    <ClInclude Include="Include\CallbackUtilities.h">
      <Filter>Include</Filter>
    </ClInclude>
    <ClInclude Include="Include\ClientSocket.h">
      <Filter>Include</Filter>
    </ClInclude>
    <ClInclude Include="Include\TCPClientSocket.h">
      <Filter>Include</Filter>
    </ClInclude>
    <ClInclude Include="Include\UDPClientSocket.h">
      <Filter>Include</Filter>
    </ClInclude>
    <ClInclude Include="Include\UDPServerSocket.h">
      <Filter>Include</Filter>
    </ClInclude>
  </ItemGroup>
  <ItemGroup>
    <ClCompile Include="Compile\Constants.cpp">
      <Filter>Compile</Filter>
    </ClCompile>
    <ClCompile Include="Compile\PlatformNetwork.cpp">
      <Filter>Compile</Filter>
    </ClCompile>
    <ClCompile Include="Compile\BaseSocket.cpp">
      <Filter>Compile</Filter>
    </ClCompile>
    <ClCompile Include="Compile\SocketUtilities.cpp">
      <Filter>Compile</Filter>
    </ClCompile>
    <ClCompile Include="Compile\ServerSocket.cpp">
      <Filter>Compile</Filter>
    </ClCompile>
    <ClCompile Include="Compile\TCPServerSocket.cpp">
      <Filter>Compile</Filter>
    </ClCompile>
    <ClCompile Include="Compile\Client.cpp">
      <Filter>Compile</Filter>
    </ClCompile>
    <ClCompile Include="Compile\ClientSocket.cpp">
      <Filter>Compile</Filter>
    </ClCompile>
    <ClCompile Include="Compile\TCPClientSocket.cpp">
      <Filter>Compile</Filter>
    </ClCompile>
    <ClCompile Include="Compile\UDPClientSocket.cpp">
      <Filter>Compile</Filter>
    </ClCompile>
    <ClCompile Include="Compile\UDPServerSocket.cpp">
      <Filter>Compile</Filter>
    </ClCompile>
  </ItemGroup>
</Project>